{
  "name": "@sgedda/mockifyer-fetch",
  "version": "1.7.1",
  "lockfileVersion": 3,
  "requires": true,
  "packages": {
    "": {
      "name": "@sgedda/mockifyer-fetch",
      "version": "1.7.1",
      "license": "MIT",
      "dependencies": {
        "@sgedda/mockifyer-core": "^1.7.0"
      }
    },
    "../mockifyer-core": {
      "name": "@sgedda/mockifyer-core",
      "version": "1.7.0",
      "license": "MIT",
      "bin": {
        "mockifyer": "src/cli/generate-bundle.ts",
        "mockifyer-sync-from-device": "src/cli/sync-from-device.ts",
        "mockifyer-sync-to-device": "src/cli/sync-to-device.ts"
      },
      "devDependencies": {
        "@types/node": "^20.11.24",
        "ts-node": "^10.9.2",
        "typescript": "^5.3.3"
      }
    },
    "node_modules/@sgedda/mockifyer-core": {
      "resolved": "../mockifyer-core",
      "link": true
    }
  }
}
