{
  "name": "@sgedda/mockifyer-fetch",
  "version": "1.5.2",
  "lockfileVersion": 3,
  "requires": true,
  "packages": {
    "": {
      "name": "@sgedda/mockifyer-fetch",
      "version": "1.5.2",
      "license": "MIT",
      "dependencies": {
        "@sgedda/mockifyer-core": "file:../mockifyer-core"
      }
    },
    "../mockifyer-core": {
      "name": "@sgedda/mockifyer-core",
      "version": "1.5.2",
      "license": "MIT",
      "bin": {
        "mockifyer": "dist/cli/generate-bundle.js"
      },
      "devDependencies": {
        "@types/node": "^20.11.24",
        "typescript": "^5.3.3"
      }
    },
    "node_modules/@sgedda/mockifyer-core": {
      "resolved": "../mockifyer-core",
      "link": true
    }
  }
}
